{
  "name": "myapp",
  "version": "1.0.0",
  "lockfileVersion": 2,
  "requires": true,
  "packages": {
    "": {
      "name": "myapp",
      "version": "1.0.0",
      "license": "ISC",
      "dependencies": {
        "@dgondra/fluentsql": "^2.0.0"
      }
    },
    "node_modules/@dgondra/fluentsql": {
      "version": "2.0.0",
      "resolved": "https://registry.npmjs.org/@dgondra/fluentsql/-/fluentsql-2.0.0.tgz",
      "integrity": "sha512-yeDYk6VHOkMYm5bkpYuZPKlowIty/RiVpTAltCG/geTBNM6z27FrfuVYCDeJq8nnY+CM9qEVe9L/4CKfTO0nEg=="
    }
  },
  "dependencies": {
    "@dgondra/fluentsql": {
      "version": "2.0.0",
      "resolved": "https://registry.npmjs.org/@dgondra/fluentsql/-/fluentsql-2.0.0.tgz",
      "integrity": "sha512-yeDYk6VHOkMYm5bkpYuZPKlowIty/RiVpTAltCG/geTBNM6z27FrfuVYCDeJq8nnY+CM9qEVe9L/4CKfTO0nEg=="
    }
  }
}
